dependencies:
- name: redis
  repository: https://charts.bitnami.com/bitnami
  version: 17.0.5
- name: redisinsight-chart
  repository: file://../redisinsight-chart
  version: 0.1.0
- name: rabbitmq
  repository: https://charts.bitnami.com/bitnami
  version: 11.16.2
digest: sha256:ab654e46a84e5d11f767ad7e51e73f00a0082b79d253b9e9880bf74cb95b1660
generated: "2023-06-06T20:16:10.858103803-04:00"
